
Microsoft Visual Studio Solution File, Format Version 12.00
# Visual Studio Version 16
VisualStudioVersion = 16.0.31321.278
MinimumVisualStudioVersion = 10.0.40219.1
Project("{FAE04EC0-301F-11D3-BF4B-00C04F79EFBC}") = "StudentDataApp", "StudentDataApp.csproj", "{0D0141AA-3A97-45A2-816F-3A2EC8BBE43D}"
EndProject
Global
	GlobalSection(SolutionConfigurationPlatforms) = preSolution
		Debug|Any CPU = Debug|Any CPU
		Release|Any CPU = Release|Any CPU
	EndGlobalSection
	GlobalSection(ProjectConfigurationPlatforms) = postSolution
		{0D0141AA-3A97-45A2-816F-3A2EC8BBE43D}.Debug|Any CPU.ActiveCfg = Debug|Any CPU
		{0D0141AA-3A97-45A2-816F-3A2EC8BBE43D}.Debug|Any CPU.Build.0 = Debug|Any CPU
		{0D0141AA-3A97-45A2-816F-3A2EC8BBE43D}.Release|Any CPU.ActiveCfg = Release|Any CPU
		{0D0141AA-3A97-45A2-816F-3A2EC8BBE43D}.Release|Any CPU.Build.0 = Release|Any CPU
	EndGlobalSection
	GlobalSection(SolutionProperties) = preSolution
		HideSolutionNode = FALSE
	EndGlobalSection
	GlobalSection(ExtensibilityGlobals) = postSolution
		SolutionGuid = {28AD76B9-C0AA-4172-B892-F0560D02FACA}
	EndGlobalSection
EndGlobal
